
Microsoft Visual Studio Solution File, Format Version 12.00
# Visual Studio 15
VisualStudioVersion = 15.0.28307.421
MinimumVisualStudioVersion = 10.0.40219.1
Project("{FAE04EC0-301F-11D3-BF4B-00C04F79EFBC}") = "BookManagementSystem", "BookManagementSystem\BookManagementSystem.csproj", "{BC4DAAF3-7BAE-4F04-B393-56DBEA040B72}"
EndProject
Project("{FAE04EC0-301F-11D3-BF4B-00C04F79EFBC}") = "Model", "Model\Model.csproj", "{2F25B812-F8FE-4FCD-B018-0B8A64015978}"
EndProject
Project("{FAE04EC0-301F-11D3-BF4B-00C04F79EFBC}") = "CommonBox", "CommonBox\CommonBox.csproj", "{13E0C2E3-67CD-4007-9869-A642906C98EB}"
EndProject
Project("{FAE04EC0-301F-11D3-BF4B-00C04F79EFBC}") = "TestFunction", "TestFunction\TestFunction.csproj", "{03EDBB87-ADF4-40DF-8C1D-5E2DCF8AEE4F}"
EndProject
Project("{FAE04EC0-301F-11D3-BF4B-00C04F79EFBC}") = "WebApi", "WebApi\WebApi.csproj", "{5AEE0859-2186-47CC-8D39-C9097DFBD9A3}"
EndProject
Global
	GlobalSection(SolutionConfigurationPlatforms) = preSolution
		Debug|Any CPU = Debug|Any CPU
		Release|Any CPU = Release|Any CPU
	EndGlobalSection
	GlobalSection(ProjectConfigurationPlatforms) = postSolution
		{BC4DAAF3-7BAE-4F04-B393-56DBEA040B72}.Debug|Any CPU.ActiveCfg = Debug|Any CPU
		{BC4DAAF3-7BAE-4F04-B393-56DBEA040B72}.Debug|Any CPU.Build.0 = Debug|Any CPU
		{BC4DAAF3-7BAE-4F04-B393-56DBEA040B72}.Release|Any CPU.ActiveCfg = Release|Any CPU
		{BC4DAAF3-7BAE-4F04-B393-56DBEA040B72}.Release|Any CPU.Build.0 = Release|Any CPU
		{2F25B812-F8FE-4FCD-B018-0B8A64015978}.Debug|Any CPU.ActiveCfg = Debug|Any CPU
		{2F25B812-F8FE-4FCD-B018-0B8A64015978}.Debug|Any CPU.Build.0 = Debug|Any CPU
		{2F25B812-F8FE-4FCD-B018-0B8A64015978}.Release|Any CPU.ActiveCfg = Release|Any CPU
		{2F25B812-F8FE-4FCD-B018-0B8A64015978}.Release|Any CPU.Build.0 = Release|Any CPU
		{13E0C2E3-67CD-4007-9869-A642906C98EB}.Debug|Any CPU.ActiveCfg = Debug|Any CPU
		{13E0C2E3-67CD-4007-9869-A642906C98EB}.Debug|Any CPU.Build.0 = Debug|Any CPU
		{13E0C2E3-67CD-4007-9869-A642906C98EB}.Release|Any CPU.ActiveCfg = Release|Any CPU
		{13E0C2E3-67CD-4007-9869-A642906C98EB}.Release|Any CPU.Build.0 = Release|Any CPU
		{03EDBB87-ADF4-40DF-8C1D-5E2DCF8AEE4F}.Debug|Any CPU.ActiveCfg = Debug|Any CPU
		{03EDBB87-ADF4-40DF-8C1D-5E2DCF8AEE4F}.Debug|Any CPU.Build.0 = Debug|Any CPU
		{03EDBB87-ADF4-40DF-8C1D-5E2DCF8AEE4F}.Release|Any CPU.ActiveCfg = Release|Any CPU
		{03EDBB87-ADF4-40DF-8C1D-5E2DCF8AEE4F}.Release|Any CPU.Build.0 = Release|Any CPU
		{5AEE0859-2186-47CC-8D39-C9097DFBD9A3}.Debug|Any CPU.ActiveCfg = Debug|Any CPU
		{5AEE0859-2186-47CC-8D39-C9097DFBD9A3}.Debug|Any CPU.Build.0 = Debug|Any CPU
		{5AEE0859-2186-47CC-8D39-C9097DFBD9A3}.Release|Any CPU.ActiveCfg = Release|Any CPU
		{5AEE0859-2186-47CC-8D39-C9097DFBD9A3}.Release|Any CPU.Build.0 = Release|Any CPU
	EndGlobalSection
	GlobalSection(SolutionProperties) = preSolution
		HideSolutionNode = FALSE
	EndGlobalSection
	GlobalSection(ExtensibilityGlobals) = postSolution
		SolutionGuid = {A9B08C00-F0F3-45E2-93D6-A7E2944F7C79}
	EndGlobalSection
EndGlobal
